
Microsoft Visual Studio Solution File, Format Version 12.00
# Visual Studio Version 17
VisualStudioVersion = 17.9.34414.90
MinimumVisualStudioVersion = 10.0.40219.1
Project("{FAE04EC0-301F-11D3-BF4B-00C04F79EFBC}") = "blazor-image-generator", "blazor-image-generator\blazor-image-generator\blazor-image-generator.csproj", "{323E6E67-0B42-42E0-BE64-3D68F1881AFB}"
EndProject
Project("{FAE04EC0-301F-11D3-BF4B-00C04F79EFBC}") = "blazor-image-generator.Client", "blazor-image-generator\blazor-image-generator.Client\blazor-image-generator.Client.csproj", "{0D3DF361-7FC3-4C7D-A27D-676D341B7909}"
EndProject
Global
	GlobalSection(SolutionConfigurationPlatforms) = preSolution
		Debug|Any CPU = Debug|Any CPU
		Release|Any CPU = Release|Any CPU
	EndGlobalSection
	GlobalSection(ProjectConfigurationPlatforms) = postSolution
		{323E6E67-0B42-42E0-BE64-3D68F1881AFB}.Debug|Any CPU.ActiveCfg = Debug|Any CPU
		{323E6E67-0B42-42E0-BE64-3D68F1881AFB}.Debug|Any CPU.Build.0 = Debug|Any CPU
		{323E6E67-0B42-42E0-BE64-3D68F1881AFB}.Release|Any CPU.ActiveCfg = Release|Any CPU
		{323E6E67-0B42-42E0-BE64-3D68F1881AFB}.Release|Any CPU.Build.0 = Release|Any CPU
		{0D3DF361-7FC3-4C7D-A27D-676D341B7909}.Debug|Any CPU.ActiveCfg = Debug|Any CPU
		{0D3DF361-7FC3-4C7D-A27D-676D341B7909}.Debug|Any CPU.Build.0 = Debug|Any CPU
		{0D3DF361-7FC3-4C7D-A27D-676D341B7909}.Release|Any CPU.ActiveCfg = Release|Any CPU
		{0D3DF361-7FC3-4C7D-A27D-676D341B7909}.Release|Any CPU.Build.0 = Release|Any CPU
	EndGlobalSection
	GlobalSection(SolutionProperties) = preSolution
		HideSolutionNode = FALSE
	EndGlobalSection
	GlobalSection(ExtensibilityGlobals) = postSolution
		SolutionGuid = {5BBC84DB-C527-4E7E-BF67-D09401104C98}
	EndGlobalSection
EndGlobal
